
Microsoft Visual Studio Solution File, Format Version 12.00
# Visual Studio Version 17
VisualStudioVersion = 17.0.31903.59
MinimumVisualStudioVersion = 10.0.40219.1
Project("{2150E333-8FDC-42A3-9474-1A3956D46DE8}") = "src", "src", "{634A0B62-680A-411B-8035-2DF34B5A2080}"
EndProject
Project("{FAE04EC0-301F-11D3-BF4B-00C04F79EFBC}") = "DDRC.WebApi", "src\DDRC.WebApi\DDRC.WebApi.csproj", "{F6388D7E-C2FB-453E-89E7-30AAA88858CF}"
EndProject
Global
	GlobalSection(SolutionConfigurationPlatforms) = preSolution
		Debug|Any CPU = Debug|Any CPU
		Release|Any CPU = Release|Any CPU
	EndGlobalSection
	GlobalSection(ProjectConfigurationPlatforms) = postSolution
		{F6388D7E-C2FB-453E-89E7-30AAA88858CF}.Debug|Any CPU.ActiveCfg = Debug|Any CPU
		{F6388D7E-C2FB-453E-89E7-30AAA88858CF}.Debug|Any CPU.Build.0 = Debug|Any CPU
		{F6388D7E-C2FB-453E-89E7-30AAA88858CF}.Release|Any CPU.ActiveCfg = Release|Any CPU
		{F6388D7E-C2FB-453E-89E7-30AAA88858CF}.Release|Any CPU.Build.0 = Release|Any CPU
	EndGlobalSection
	GlobalSection(SolutionProperties) = preSolution
		HideSolutionNode = FALSE
	EndGlobalSection
	GlobalSection(NestedProjects) = preSolution
		{F6388D7E-C2FB-453E-89E7-30AAA88858CF} = {634A0B62-680A-411B-8035-2DF34B5A2080}
	EndGlobalSection
	GlobalSection(ExtensibilityGlobals) = postSolution
		SolutionGuid = {278097FC-7B08-4B04-B017-7661B6965EEF}
	EndGlobalSection
EndGlobal
